
Microsoft Visual Studio Solution File, Format Version 12.00
# Visual Studio 14
VisualStudioVersion = 14.0.25420.1
MinimumVisualStudioVersion = 10.0.40219.1
Project("{8BC9CEB8-8B4A-11D0-8D11-00A0C91BC942}") = "LevenshteinDistanceCpp", "LevenshteinDistanceCpp\LevenshteinDistanceCpp.vcxproj", "{1A52A5F3-6FE0-4F2B-B075-81339F0B69CC}"
EndProject
Project("{8BC9CEB8-8B4A-11D0-8D11-00A0C91BC942}") = "LevenshteinDistanceApplication", "LevenshteinDistanceApplication\LevenshteinDistanceApplication.vcxproj", "{0BBF2D9D-6534-4096-AF9C-ECBD24138C33}"
	ProjectSection(ProjectDependencies) = postProject
		{393A882A-49CD-4DF7-812C-4F04F375D2DD} = {393A882A-49CD-4DF7-812C-4F04F375D2DD}
	EndProjectSection
EndProject
Project("{8BC9CEB8-8B4A-11D0-8D11-00A0C91BC942}") = "LevenshteinDistanceAsm", "LevenshteinDistanceAsm\LevenshteinDistanceAsm.vcxproj", "{393A882A-49CD-4DF7-812C-4F04F375D2DD}"
EndProject
Global
	GlobalSection(SolutionConfigurationPlatforms) = preSolution
		Debug|x64 = Debug|x64
		Debug|x86 = Debug|x86
		Release|x64 = Release|x64
		Release|x86 = Release|x86
	EndGlobalSection
	GlobalSection(ProjectConfigurationPlatforms) = postSolution
		{1A52A5F3-6FE0-4F2B-B075-81339F0B69CC}.Debug|x64.ActiveCfg = Debug|x64
		{1A52A5F3-6FE0-4F2B-B075-81339F0B69CC}.Debug|x64.Build.0 = Debug|x64
		{1A52A5F3-6FE0-4F2B-B075-81339F0B69CC}.Debug|x86.ActiveCfg = Debug|Win32
		{1A52A5F3-6FE0-4F2B-B075-81339F0B69CC}.Debug|x86.Build.0 = Debug|Win32
		{1A52A5F3-6FE0-4F2B-B075-81339F0B69CC}.Release|x64.ActiveCfg = Release|x64
		{1A52A5F3-6FE0-4F2B-B075-81339F0B69CC}.Release|x64.Build.0 = Release|x64
		{1A52A5F3-6FE0-4F2B-B075-81339F0B69CC}.Release|x86.ActiveCfg = Release|Win32
		{1A52A5F3-6FE0-4F2B-B075-81339F0B69CC}.Release|x86.Build.0 = Release|Win32
		{0BBF2D9D-6534-4096-AF9C-ECBD24138C33}.Debug|x64.ActiveCfg = Debug|x64
		{0BBF2D9D-6534-4096-AF9C-ECBD24138C33}.Debug|x64.Build.0 = Debug|x64
		{0BBF2D9D-6534-4096-AF9C-ECBD24138C33}.Debug|x86.ActiveCfg = Debug|Win32
		{0BBF2D9D-6534-4096-AF9C-ECBD24138C33}.Debug|x86.Build.0 = Debug|Win32
		{0BBF2D9D-6534-4096-AF9C-ECBD24138C33}.Release|x64.ActiveCfg = Release|x64
		{0BBF2D9D-6534-4096-AF9C-ECBD24138C33}.Release|x64.Build.0 = Release|x64
		{0BBF2D9D-6534-4096-AF9C-ECBD24138C33}.Release|x86.ActiveCfg = Release|Win32
		{0BBF2D9D-6534-4096-AF9C-ECBD24138C33}.Release|x86.Build.0 = Release|Win32
		{393A882A-49CD-4DF7-812C-4F04F375D2DD}.Debug|x64.ActiveCfg = Debug|x64
		{393A882A-49CD-4DF7-812C-4F04F375D2DD}.Debug|x64.Build.0 = Debug|x64
		{393A882A-49CD-4DF7-812C-4F04F375D2DD}.Debug|x86.ActiveCfg = Debug|Win32
		{393A882A-49CD-4DF7-812C-4F04F375D2DD}.Debug|x86.Build.0 = Debug|Win32
		{393A882A-49CD-4DF7-812C-4F04F375D2DD}.Release|x64.ActiveCfg = Release|x64
		{393A882A-49CD-4DF7-812C-4F04F375D2DD}.Release|x64.Build.0 = Release|x64
		{393A882A-49CD-4DF7-812C-4F04F375D2DD}.Release|x86.ActiveCfg = Release|Win32
		{393A882A-49CD-4DF7-812C-4F04F375D2DD}.Release|x86.Build.0 = Release|Win32
	EndGlobalSection
	GlobalSection(SolutionProperties) = preSolution
		HideSolutionNode = FALSE
	EndGlobalSection
EndGlobal
